// !$*UTF8*$!
{
	archiveVersion = 1;
	classes = {
	};
	objectVersion = 50;
	objects = {

/* Begin PBXBuildFile section */
		42AA102921ED360000B00C27 /* AppDelegate.swift in Sources */ = {isa = PBXBuildFile; fileRef = 42AA102821ED360000B00C27 /* AppDelegate.swift */; };
		42AA102B21ED360000B00C27 /* ViewController.swift in Sources */ = {isa = PBXBuildFile; fileRef = 42AA102A21ED360000B00C27 /* ViewController.swift */; };
		42AA102E21ED360000B00C27 /* Main.storyboard in Resources */ = {isa = PBXBuildFile; fileRef = 42AA102C21ED360000B00C27 /* Main.storyboard */; };
		42AA103021ED360100B00C27 /* Assets.xcassets in Resources */ = {isa = PBXBuildFile; fileRef = 42AA102F21ED360100B00C27 /* Assets.xcassets */; };
		42AA103321ED360100B00C27 /* LaunchScreen.storyboard in Resources */ = {isa = PBXBuildFile; fileRef = 42AA103121ED360100B00C27 /* LaunchScreen.storyboard */; };
		42AA103E21ED360100B00C27 /* StackoverflowUsersTests.swift in Sources */ = {isa = PBXBuildFile; fileRef = 42AA103D21ED360100B00C27 /* StackoverflowUsersTests.swift */; };
/* End PBXBuildFile section */

/* Begin PBXContainerItemProxy section */
		42AA103A21ED360100B00C27 /* PBXContainerItemProxy */ = {
			isa = PBXContainerItemProxy;
			containerPortal = 42AA101D21ED360000B00C27 /* Project object */;
			proxyType = 1;
			remoteGlobalIDString = 42AA102421ED360000B00C27;
			remoteInfo = StackoverflowUsers;
		};
/* End PBXContainerItemProxy section */

/* Begin PBXFileReference section */
		42AA102521ED360000B00C27 /* StackoverflowUsers.app */ = {isa = PBXFileReference; explicitFileType = wrapper.application; includeInIndex = 0; path = StackoverflowUsers.app; sourceTree = BUILT_PRODUCTS_DIR; };
		42AA102821ED360000B00C27 /* AppDelegate.swift */ = {isa = PBXFileReference; lastKnownFileType = sourcecode.swift; path = AppDelegate.swift; sourceTree = "<group>"; };
		42AA102A21ED360000B00C27 /* ViewController.swift */ = {isa = PBXFileReference; lastKnownFileType = sourcecode.swift; path = ViewController.swift; sourceTree = "<group>"; };
		42AA102D21ED360000B00C27 /* Base */ = {isa = PBXFileReference; lastKnownFileType = file.storyboard; name = Base; path = Base.lproj/Main.storyboard; sourceTree = "<group>"; };
		42AA102F21ED360100B00C27 /* Assets.xcassets */ = {isa = PBXFileReference; lastKnownFileType = folder.assetcatalog; path = Assets.xcassets; sourceTree = "<group>"; };
		42AA103221ED360100B00C27 /* Base */ = {isa = PBXFileReference; lastKnownFileType = file.storyboard; name = Base; path = Base.lproj/LaunchScreen.storyboard; sourceTree = "<group>"; };
		42AA103421ED360100B00C27 /* Info.plist */ = {isa = PBXFileReference; lastKnownFileType = text.plist.xml; path = Info.plist; sourceTree = "<group>"; };
		42AA103921ED360100B00C27 /* StackoverflowUsersTests.xctest */ = {isa = PBXFileReference; explicitFileType = wrapper.cfbundle; includeInIndex = 0; path = StackoverflowUsersTests.xctest; sourceTree = BUILT_PRODUCTS_DIR; };
		42AA103D21ED360100B00C27 /* StackoverflowUsersTests.swift */ = {isa = PBXFileReference; lastKnownFileType = sourcecode.swift; path = StackoverflowUsersTests.swift; sourceTree = "<group>"; };
		42AA103F21ED360100B00C27 /* Info.plist */ = {isa = PBXFileReference; lastKnownFileType = text.plist.xml; path = Info.plist; sourceTree = "<group>"; };
/* End PBXFileReference section */

/* Begin PBXFrameworksBuildPhase section */
		42AA102221ED360000B00C27 /* Frameworks */ = {
			isa = PBXFrameworksBuildPhase;
			buildActionMask = 2147483647;
			files = (
			);
			runOnlyForDeploymentPostprocessing = 0;
		};
		42AA103621ED360100B00C27 /* Frameworks */ = {
			isa = PBXFrameworksBuildPhase;
			buildActionMask = 2147483647;
			files = (
			);
			runOnlyForDeploymentPostprocessing = 0;
		};
/* End PBXFrameworksBuildPhase section */

/* Begin PBXGroup section */
		42AA101C21ED360000B00C27 = {
			isa = PBXGroup;
			children = (
				42AA102721ED360000B00C27 /* StackoverflowUsers */,
				42AA103C21ED360100B00C27 /* StackoverflowUsersTests */,
				42AA102621ED360000B00C27 /* Products */,
			);
			sourceTree = "<group>";
		};
		42AA102621ED360000B00C27 /* Products */ = {
			isa = PBXGroup;
			children = (
				42AA102521ED360000B00C27 /* StackoverflowUsers.app */,
				42AA103921ED360100B00C27 /* StackoverflowUsersTests.xctest */,
			);
			name = Products;
			sourceTree = "<group>";
		};
		42AA102721ED360000B00C27 /* StackoverflowUsers */ = {
			isa = PBXGroup;
			children = (
				42AA102821ED360000B00C27 /* AppDelegate.swift */,
				42AA102A21ED360000B00C27 /* ViewController.swift */,
				42AA102C21ED360000B00C27 /* Main.storyboard */,
				42AA102F21ED360100B00C27 /* Assets.xcassets */,
				42AA103121ED360100B00C27 /* LaunchScreen.storyboard */,
				42AA103421ED360100B00C27 /* Info.plist */,
			);
			path = StackoverflowUsers;
			sourceTree = "<group>";
		};
		42AA103C21ED360100B00C27 /* StackoverflowUsersTests */ = {
			isa = PBXGroup;
			children = (
				42AA103D21ED360100B00C27 /* StackoverflowUsersTests.swift */,
				42AA103F21ED360100B00C27 /* Info.plist */,
			);
			path = StackoverflowUsersTests;
			sourceTree = "<group>";
		};
/* End PBXGroup section */

/* Begin PBXNativeTarget section */
		42AA102421ED360000B00C27 /* StackoverflowUsers */ = {
			isa = PBXNativeTarget;
			buildConfigurationList = 42AA104221ED360100B00C27 /* Build configuration list for PBXNativeTarget "StackoverflowUsers" */;
			buildPhases = (
				42AA102121ED360000B00C27 /* Sources */,
				42AA102221ED360000B00C27 /* Frameworks */,
				42AA102321ED360000B00C27 /* Resources */,
			);
			buildRules = (
			);
			dependencies = (
			);
			name = StackoverflowUsers;
			productName = StackoverflowUsers;
			productReference = 42AA102521ED360000B00C27 /* StackoverflowUsers.app */;
			productType = "com.apple.product-type.application";
		};
		42AA103821ED360100B00C27 /* StackoverflowUsersTests */ = {
			isa = PBXNativeTarget;
			buildConfigurationList = 42AA104521ED360100B00C27 /* Build configuration list for PBXNativeTarget "StackoverflowUsersTests" */;
			buildPhases = (
				42AA103521ED360100B00C27 /* Sources */,
				42AA103621ED360100B00C27 /* Frameworks */,
				42AA103721ED360100B00C27 /* Resources */,
			);
			buildRules = (
			);
			dependencies = (
				42AA103B21ED360100B00C27 /* PBXTargetDependency */,
			);
			name = StackoverflowUsersTests;
			productName = StackoverflowUsersTests;
			productReference = 42AA103921ED360100B00C27 /* StackoverflowUsersTests.xctest */;
			productType = "com.apple.product-type.bundle.unit-test";
		};
/* End PBXNativeTarget section */

/* Begin PBXProject section */
		42AA101D21ED360000B00C27 /* Project object */ = {
			isa = PBXProject;
			attributes = {
				LastSwiftUpdateCheck = 1010;
				LastUpgradeCheck = 1010;
				ORGANIZATIONNAME = "Christos Bimpas";
				TargetAttributes = {
					42AA102421ED360000B00C27 = {
						CreatedOnToolsVersion = 10.1;
					};
					42AA103821ED360100B00C27 = {
						CreatedOnToolsVersion = 10.1;
						TestTargetID = 42AA102421ED360000B00C27;
					};
				};
			};
			buildConfigurationList = 42AA102021ED360000B00C27 /* Build configuration list for PBXProject "StackoverflowUsers" */;
			compatibilityVersion = "Xcode 9.3";
			developmentRegion = en;
			hasScannedForEncodings = 0;
			knownRegions = (
				en,
				Base,
			);
			mainGroup = 42AA101C21ED360000B00C27;
			productRefGroup = 42AA102621ED360000B00C27 /* Products */;
			projectDirPath = "";
			projectRoot = "";
			targets = (
				42AA102421ED360000B00C27 /* StackoverflowUsers */,
				42AA103821ED360100B00C27 /* StackoverflowUsersTests */,
			);
		};
/* End PBXProject section */

/* Begin PBXResourcesBuildPhase section */
		42AA102321ED360000B00C27 /* Resources */ = {
			isa = PBXResourcesBuildPhase;
			buildActionMask = 2147483647;
			files = (
				42AA103321ED360100B00C27 /* LaunchScreen.storyboard in Resources */,
				42AA103021ED360100B00C27 /* Assets.xcassets in Resources */,
				42AA102E21ED360000B00C27 /* Main.storyboard in Resources */,
			);
			runOnlyForDeploymentPostprocessing = 0;
		};
		42AA103721ED360100B00C27 /* Resources */ = {
			isa = PBXResourcesBuildPhase;
			buildActionMask = 2147483647;
			files = (
			);
			runOnlyForDeploymentPostprocessing = 0;
		};
/* End PBXResourcesBuildPhase section */

/* Begin PBXSourcesBuildPhase section */
		42AA102121ED360000B00C27 /* Sources */ = {
			isa = PBXSourcesBuildPhase;
			buildActionMask = 2147483647;
			files = (
				42AA102B21ED360000B00C27 /* ViewController.swift in Sources */,
				42AA102921ED360000B00C27 /* AppDelegate.swift in Sources */,
			);
			runOnlyForDeploymentPostprocessing = 0;
		};
		42AA103521ED360100B00C27 /* Sources */ = {
			isa = PBXSourcesBuildPhase;
			buildActionMask = 2147483647;
			files = (
				42AA103E21ED360100B00C27 /* StackoverflowUsersTests.swift in Sources */,
			);
			runOnlyForDeploymentPostprocessing = 0;
		};
/* End PBXSourcesBuildPhase section */

/* Begin PBXTargetDependency section */
		42AA103B21ED360100B00C27 /* PBXTargetDependency */ = {
			isa = PBXTargetDependency;
			target = 42AA102421ED360000B00C27 /* StackoverflowUsers */;
			targetProxy = 42AA103A21ED360100B00C27 /* PBXContainerItemProxy */;
		};
/* End PBXTargetDependency section */

/* Begin PBXVariantGroup section */
		42AA102C21ED360000B00C27 /* Main.storyboard */ = {
			isa = PBXVariantGroup;
			children = (
				42AA102D21ED360000B00C27 /* Base */,
			);
			name = Main.storyboard;
			sourceTree = "<group>";
		};
		42AA103121ED360100B00C27 /* LaunchScreen.storyboard */ = {
			isa = PBXVariantGroup;
			children = (
				42AA103221ED360100B00C27 /* Base */,
			);
			name = LaunchScreen.storyboard;
			sourceTree = "<group>";
		};
/* End PBXVariantGroup section */

/* Begin XCBuildConfiguration section */
		42AA104021ED360100B00C27 /* Debug */ = {
			isa = XCBuildConfiguration;
			buildSettings = {
				ALWAYS_SEARCH_USER_PATHS = NO;
				CLANG_ANALYZER_NONNULL = YES;
				CLANG_ANALYZER_NUMBER_OBJECT_CONVERSION = YES_AGGRESSIVE;
				CLANG_CXX_LANGUAGE_STANDARD = "gnu++14";
				CLANG_CXX_LIBRARY = "libc++";
				CLANG_ENABLE_MODULES = YES;
				CLANG_ENABLE_OBJC_ARC = YES;
				CLANG_ENABLE_OBJC_WEAK = YES;
				CLANG_WARN_BLOCK_CAPTURE_AUTORELEASING = YES;
				CLANG_WARN_BOOL_CONVERSION = YES;
				CLANG_WARN_COMMA = YES;
				CLANG_WARN_CONSTANT_CONVERSION = YES;
				CLANG_WARN_DEPRECATED_OBJC_IMPLEMENTATIONS = YES;
				CLANG_WARN_DIRECT_OBJC_ISA_USAGE = YES_ERROR;
				CLANG_WARN_DOCUMENTATION_COMMENTS = YES;
				CLANG_WARN_EMPTY_BODY = YES;
				CLANG_WARN_ENUM_CONVERSION = YES;
				CLANG_WARN_INFINITE_RECURSION = YES;
				CLANG_WARN_INT_CONVERSION = YES;
				CLANG_WARN_NON_LITERAL_NULL_CONVERSION = YES;
				CLANG_WARN_OBJC_IMPLICIT_RETAIN_SELF = YES;
				CLANG_WARN_OBJC_LITERAL_CONVERSION = YES;
				CLANG_WARN_OBJC_ROOT_CLASS = YES_ERROR;
				CLANG_WARN_RANGE_LOOP_ANALYSIS = YES;
				CLANG_WARN_STRICT_PROTOTYPES = YES;
				CLANG_WARN_SUSPICIOUS_MOVE = YES;
				CLANG_WARN_UNGUARDED_AVAILABILITY = YES_AGGRESSIVE;
				CLANG_WARN_UNREACHABLE_CODE = YES;
				CLANG_WARN__DUPLICATE_METHOD_MATCH = YES;
				CODE_SIGN_IDENTITY = "iPhone Developer";
				COPY_PHASE_STRIP = NO;
				DEBUG_INFORMATION_FORMAT = dwarf;
				ENABLE_STRICT_OBJC_MSGSEND = YES;
				ENABLE_TESTABILITY = YES;
				GCC_C_LANGUAGE_STANDARD = gnu11;
				GCC_DYNAMIC_NO_PIC = NO;
				GCC_NO_COMMON_BLOCKS = YES;
				GCC_OPTIMIZATION_LEVEL = 0;
				GCC_PREPROCESSOR_DEFINITIONS = (
					"DEBUG=1",
					"$(inherited)",
				);
				GCC_WARN_64_TO_32_BIT_CONVERSION = YES;
				GCC_WARN_ABOUT_RETURN_TYPE = YES_ERROR;
				GCC_WARN_UNDECLARED_SELECTOR = YES;
				GCC_WARN_UNINITIALIZED_AUTOS = YES_AGGRESSIVE;
				GCC_WARN_UNUSED_FUNCTION = YES;
				GCC_WARN_UNUSED_VARIABLE = YES;
				IPHONEOS_DEPLOYMENT_TARGET = 12.1;
				MTL_ENABLE_DEBUG_INFO = INCLUDE_SOURCE;
				MTL_FAST_MATH = YES;
				ONLY_ACTIVE_ARCH = YES;
				SDKROOT = iphoneos;
				SWIFT_ACTIVE_COMPILATION_CONDITIONS = DEBUG;
				SWIFT_OPTIMIZATION_LEVEL = "-Onone";
			};
			name = Debug;
		};
		42AA104121ED360100B00C27 /* Release */ = {
			isa = XCBuildConfiguration;
			buildSettings = {
				ALWAYS_SEARCH_USER_PATHS = NO;
				CLANG_ANALYZER_NONNULL = YES;
				CLANG_ANALYZER_NUMBER_OBJECT_CONVERSION = YES_AGGRESSIVE;
				CLANG_CXX_LANGUAGE_STANDARD = "gnu++14";
				CLANG_CXX_LIBRARY = "libc++";
				CLANG_ENABLE_MODULES = YES;
				CLANG_ENABLE_OBJC_ARC = YES;
				CLANG_ENABLE_OBJC_WEAK = YES;
				CLANG_WARN_BLOCK_CAPTURE_AUTORELEASING = YES;
				CLANG_WARN_BOOL_CONVERSION = YES;
				CLANG_WARN_COMMA = YES;
				CLANG_WARN_CONSTANT_CONVERSION = YES;
				CLANG_WARN_DEPRECATED_OBJC_IMPLEMENTATIONS = YES;
				CLANG_WARN_DIRECT_OBJC_ISA_USAGE = YES_ERROR;
				CLANG_WARN_DOCUMENTATION_COMMENTS = YES;
				CLANG_WARN_EMPTY_BODY = YES;
				CLANG_WARN_ENUM_CONVERSION = YES;
				CLANG_WARN_INFINITE_RECURSION = YES;
				CLANG_WARN_INT_CONVERSION = YES;
				CLANG_WARN_NON_LITERAL_NULL_CONVERSION = YES;
				CLANG_WARN_OBJC_IMPLICIT_RETAIN_SELF = YES;
				CLANG_WARN_OBJC_LITERAL_CONVERSION = YES;
				CLANG_WARN_OBJC_ROOT_CLASS = YES_ERROR;
				CLANG_WARN_RANGE_LOOP_ANALYSIS = YES;
				CLANG_WARN_STRICT_PROTOTYPES = YES;
				CLANG_WARN_SUSPICIOUS_MOVE = YES;
				CLANG_WARN_UNGUARDED_AVAILABILITY = YES_AGGRESSIVE;
				CLANG_WARN_UNREACHABLE_CODE = YES;
				CLANG_WARN__DUPLICATE_METHOD_MATCH = YES;
				CODE_SIGN_IDENTITY = "iPhone Developer";
				COPY_PHASE_STRIP = NO;
				DEBUG_INFORMATION_FORMAT = "dwarf-with-dsym";
				ENABLE_NS_ASSERTIONS = NO;
				ENABLE_STRICT_OBJC_MSGSEND = YES;
				GCC_C_LANGUAGE_STANDARD = gnu11;
				GCC_NO_COMMON_BLOCKS = YES;
				GCC_WARN_64_TO_32_BIT_CONVERSION = YES;
				GCC_WARN_ABOUT_RETURN_TYPE = YES_ERROR;
				GCC_WARN_UNDECLARED_SELECTOR = YES;
				GCC_WARN_UNINITIALIZED_AUTOS = YES_AGGRESSIVE;
				GCC_WARN_UNUSED_FUNCTION = YES;
				GCC_WARN_UNUSED_VARIABLE = YES;
				IPHONEOS_DEPLOYMENT_TARGET = 12.1;
				MTL_ENABLE_DEBUG_INFO = NO;
				MTL_FAST_MATH = YES;
				SDKROOT = iphoneos;
				SWIFT_COMPILATION_MODE = wholemodule;
				SWIFT_OPTIMIZATION_LEVEL = "-O";
				VALIDATE_PRODUCT = YES;
			};
			name = Release;
		};
		42AA104321ED360100B00C27 /* Debug */ = {
			isa = XCBuildConfiguration;
			buildSettings = {
				ASSETCATALOG_COMPILER_APPICON_NAME = AppIcon;
				CODE_SIGN_STYLE = Automatic;
				DEVELOPMENT_TEAM = D6VKV2ULHS;
				INFOPLIST_FILE = StackoverflowUsers/Info.plist;
				LD_RUNPATH_SEARCH_PATHS = (
					"$(inherited)",
					"@executable_path/Frameworks",
				);
				PRODUCT_BUNDLE_IDENTIFIER = com.christosbimpas.StackoverflowUsers;
				PRODUCT_NAME = "$(TARGET_NAME)";
				SWIFT_VERSION = 4.2;
				TARGETED_DEVICE_FAMILY = "1,2";
			};
			name = Debug;
		};
		42AA104421ED360100B00C27 /* Release */ = {
			isa = XCBuildConfiguration;
			buildSettings = {
				ASSETCATALOG_COMPILER_APPICON_NAME = AppIcon;
				CODE_SIGN_STYLE = Automatic;
				DEVELOPMENT_TEAM = D6VKV2ULHS;
				INFOPLIST_FILE = StackoverflowUsers/Info.plist;
				LD_RUNPATH_SEARCH_PATHS = (
					"$(inherited)",
					"@executable_path/Frameworks",
				);
				PRODUCT_BUNDLE_IDENTIFIER = com.christosbimpas.StackoverflowUsers;
				PRODUCT_NAME = "$(TARGET_NAME)";
				SWIFT_VERSION = 4.2;
				TARGETED_DEVICE_FAMILY = "1,2";
			};
			name = Release;
		};
		42AA104621ED360100B00C27 /* Debug */ = {
			isa = XCBuildConfiguration;
			buildSettings = {
				ALWAYS_EMBED_SWIFT_STANDARD_LIBRARIES = YES;
				BUNDLE_LOADER = "$(TEST_HOST)";
				CODE_SIGN_STYLE = Automatic;
				DEVELOPMENT_TEAM = D6VKV2ULHS;
				INFOPLIST_FILE = StackoverflowUsersTests/Info.plist;
				LD_RUNPATH_SEARCH_PATHS = (
					"$(inherited)",
					"@executable_path/Frameworks",
					"@loader_path/Frameworks",
				);
				PRODUCT_BUNDLE_IDENTIFIER = com.christosbimpas.StackoverflowUsersTests;
				PRODUCT_NAME = "$(TARGET_NAME)";
				SWIFT_VERSION = 4.2;
				TARGETED_DEVICE_FAMILY = "1,2";
				TEST_HOST = "$(BUILT_PRODUCTS_DIR)/StackoverflowUsers.app/StackoverflowUsers";
			};
			name = Debug;
		};
		42AA104721ED360100B00C27 /* Release */ = {
			isa = XCBuildConfiguration;
			buildSettings = {
				ALWAYS_EMBED_SWIFT_STANDARD_LIBRARIES = YES;
				BUNDLE_LOADER = "$(TEST_HOST)";
				CODE_SIGN_STYLE = Automatic;
				DEVELOPMENT_TEAM = D6VKV2ULHS;
				INFOPLIST_FILE = StackoverflowUsersTests/Info.plist;
				LD_RUNPATH_SEARCH_PATHS = (
					"$(inherited)",
					"@executable_path/Frameworks",
					"@loader_path/Frameworks",
				);
				PRODUCT_BUNDLE_IDENTIFIER = com.christosbimpas.StackoverflowUsersTests;
				PRODUCT_NAME = "$(TARGET_NAME)";
				SWIFT_VERSION = 4.2;
				TARGETED_DEVICE_FAMILY = "1,2";
				TEST_HOST = "$(BUILT_PRODUCTS_DIR)/StackoverflowUsers.app/StackoverflowUsers";
			};
			name = Release;
		};
/* End XCBuildConfiguration section */

/* Begin XCConfigurationList section */
		42AA102021ED360000B00C27 /* Build configuration list for PBXProject "StackoverflowUsers" */ = {
			isa = XCConfigurationList;
			buildConfigurations = (
				42AA104021ED360100B00C27 /* Debug */,
				42AA104121ED360100B00C27 /* Release */,
			);
			defaultConfigurationIsVisible = 0;
			defaultConfigurationName = Release;
		};
		42AA104221ED360100B00C27 /* Build configuration list for PBXNativeTarget "StackoverflowUsers" */ = {
			isa = XCConfigurationList;
			buildConfigurations = (
				42AA104321ED360100B00C27 /* Debug */,
				42AA104421ED360100B00C27 /* Release */,
			);
			defaultConfigurationIsVisible = 0;
			defaultConfigurationName = Release;
		};
		42AA104521ED360100B00C27 /* Build configuration list for PBXNativeTarget "StackoverflowUsersTests" */ = {
			isa = XCConfigurationList;
			buildConfigurations = (
				42AA104621ED360100B00C27 /* Debug */,
				42AA104721ED360100B00C27 /* Release */,
			);
			defaultConfigurationIsVisible = 0;
			defaultConfigurationName = Release;
		};
/* End XCConfigurationList section */
	};
	rootObject = 42AA101D21ED360000B00C27 /* Project object */;
}
